// !$*UTF8*$!
{
	archiveVersion = 1;
	classes = {
	};
	objectVersion = 46;
	objects = {

/* Begin PBXBuildFile section */
		536D33651CAB57FD001CB0B8 /* AppDelegate.swift in Sources */ = {isa = PBXBuildFile; fileRef = 536D33641CAB57FD001CB0B8 /* AppDelegate.swift */; };
		536D33671CAB57FD001CB0B8 /* ViewController.swift in Sources */ = {isa = PBXBuildFile; fileRef = 536D33661CAB57FD001CB0B8 /* ViewController.swift */; };
		536D336A1CAB57FD001CB0B8 /* Main.storyboard in Resources */ = {isa = PBXBuildFile; fileRef = 536D33681CAB57FD001CB0B8 /* Main.storyboard */; };
		536D336C1CAB57FD001CB0B8 /* Assets.xcassets in Resources */ = {isa = PBXBuildFile; fileRef = 536D336B1CAB57FD001CB0B8 /* Assets.xcassets */; };
		536D336F1CAB57FD001CB0B8 /* LaunchScreen.storyboard in Resources */ = {isa = PBXBuildFile; fileRef = 536D336D1CAB57FD001CB0B8 /* LaunchScreen.storyboard */; };
		536D337A1CAB57FD001CB0B8 /* AudioVisTests.swift in Sources */ = {isa = PBXBuildFile; fileRef = 536D33791CAB57FD001CB0B8 /* AudioVisTests.swift */; };
/* End PBXBuildFile section */

/* Begin PBXContainerItemProxy section */
		536D33761CAB57FD001CB0B8 /* PBXContainerItemProxy */ = {
			isa = PBXContainerItemProxy;
			containerPortal = 536D33591CAB57FD001CB0B8 /* Project object */;
			proxyType = 1;
			remoteGlobalIDString = 536D33601CAB57FD001CB0B8;
			remoteInfo = AudioVis;
		};
/* End PBXContainerItemProxy section */

/* Begin PBXFileReference section */
		536D33611CAB57FD001CB0B8 /* AudioVis.app */ = {isa = PBXFileReference; explicitFileType = wrapper.application; includeInIndex = 0; path = AudioVis.app; sourceTree = BUILT_PRODUCTS_DIR; };
		536D33641CAB57FD001CB0B8 /* AppDelegate.swift */ = {isa = PBXFileReference; lastKnownFileType = sourcecode.swift; path = AppDelegate.swift; sourceTree = "<group>"; };
		536D33661CAB57FD001CB0B8 /* ViewController.swift */ = {isa = PBXFileReference; lastKnownFileType = sourcecode.swift; path = ViewController.swift; sourceTree = "<group>"; };
		536D33691CAB57FD001CB0B8 /* Base */ = {isa = PBXFileReference; lastKnownFileType = file.storyboard; name = Base; path = Base.lproj/Main.storyboard; sourceTree = "<group>"; };
		536D336B1CAB57FD001CB0B8 /* Assets.xcassets */ = {isa = PBXFileReference; lastKnownFileType = folder.assetcatalog; path = Assets.xcassets; sourceTree = "<group>"; };
		536D336E1CAB57FD001CB0B8 /* Base */ = {isa = PBXFileReference; lastKnownFileType = file.storyboard; name = Base; path = Base.lproj/LaunchScreen.storyboard; sourceTree = "<group>"; };
		536D33701CAB57FD001CB0B8 /* Info.plist */ = {isa = PBXFileReference; lastKnownFileType = text.plist.xml; path = Info.plist; sourceTree = "<group>"; };
		536D33751CAB57FD001CB0B8 /* AudioVisTests.xctest */ = {isa = PBXFileReference; explicitFileType = wrapper.cfbundle; includeInIndex = 0; path = AudioVisTests.xctest; sourceTree = BUILT_PRODUCTS_DIR; };
		536D33791CAB57FD001CB0B8 /* AudioVisTests.swift */ = {isa = PBXFileReference; lastKnownFileType = sourcecode.swift; path = AudioVisTests.swift; sourceTree = "<group>"; };
		536D337B1CAB57FD001CB0B8 /* Info.plist */ = {isa = PBXFileReference; lastKnownFileType = text.plist.xml; path = Info.plist; sourceTree = "<group>"; };
/* End PBXFileReference section */

/* Begin PBXFrameworksBuildPhase section */
		536D335E1CAB57FD001CB0B8 /* Frameworks */ = {
			isa = PBXFrameworksBuildPhase;
			buildActionMask = 2147483647;
			files = (
			);
			runOnlyForDeploymentPostprocessing = 0;
		};
		536D33721CAB57FD001CB0B8 /* Frameworks */ = {
			isa = PBXFrameworksBuildPhase;
			buildActionMask = 2147483647;
			files = (
			);
			runOnlyForDeploymentPostprocessing = 0;
		};
/* End PBXFrameworksBuildPhase section */

/* Begin PBXGroup section */
		536D33581CAB57FD001CB0B8 = {
			isa = PBXGroup;
			children = (
				536D33631CAB57FD001CB0B8 /* AudioVis */,
				536D33781CAB57FD001CB0B8 /* AudioVisTests */,
				536D33621CAB57FD001CB0B8 /* Products */,
			);
			sourceTree = "<group>";
		};
		536D33621CAB57FD001CB0B8 /* Products */ = {
			isa = PBXGroup;
			children = (
				536D33611CAB57FD001CB0B8 /* AudioVis.app */,
				536D33751CAB57FD001CB0B8 /* AudioVisTests.xctest */,
			);
			name = Products;
			sourceTree = "<group>";
		};
		536D33631CAB57FD001CB0B8 /* AudioVis */ = {
			isa = PBXGroup;
			children = (
				536D33641CAB57FD001CB0B8 /* AppDelegate.swift */,
				536D33661CAB57FD001CB0B8 /* ViewController.swift */,
				536D33681CAB57FD001CB0B8 /* Main.storyboard */,
				536D336B1CAB57FD001CB0B8 /* Assets.xcassets */,
				536D336D1CAB57FD001CB0B8 /* LaunchScreen.storyboard */,
				536D33701CAB57FD001CB0B8 /* Info.plist */,
			);
			path = AudioVis;
			sourceTree = "<group>";
		};
		536D33781CAB57FD001CB0B8 /* AudioVisTests */ = {
			isa = PBXGroup;
			children = (
				536D33791CAB57FD001CB0B8 /* AudioVisTests.swift */,
				536D337B1CAB57FD001CB0B8 /* Info.plist */,
			);
			path = AudioVisTests;
			sourceTree = "<group>";
		};
/* End PBXGroup section */

/* Begin PBXNativeTarget section */
		536D33601CAB57FD001CB0B8 /* AudioVis */ = {
			isa = PBXNativeTarget;
			buildConfigurationList = 536D337E1CAB57FD001CB0B8 /* Build configuration list for PBXNativeTarget "AudioVis" */;
			buildPhases = (
				536D335D1CAB57FD001CB0B8 /* Sources */,
				536D335E1CAB57FD001CB0B8 /* Frameworks */,
				536D335F1CAB57FD001CB0B8 /* Resources */,
			);
			buildRules = (
			);
			dependencies = (
			);
			name = AudioVis;
			productName = AudioVis;
			productReference = 536D33611CAB57FD001CB0B8 /* AudioVis.app */;
			productType = "com.apple.product-type.application";
		};
		536D33741CAB57FD001CB0B8 /* AudioVisTests */ = {
			isa = PBXNativeTarget;
			buildConfigurationList = 536D33811CAB57FD001CB0B8 /* Build configuration list for PBXNativeTarget "AudioVisTests" */;
			buildPhases = (
				536D33711CAB57FD001CB0B8 /* Sources */,
				536D33721CAB57FD001CB0B8 /* Frameworks */,
				536D33731CAB57FD001CB0B8 /* Resources */,
			);
			buildRules = (
			);
			dependencies = (
				536D33771CAB57FD001CB0B8 /* PBXTargetDependency */,
			);
			name = AudioVisTests;
			productName = AudioVisTests;
			productReference = 536D33751CAB57FD001CB0B8 /* AudioVisTests.xctest */;
			productType = "com.apple.product-type.bundle.unit-test";
		};
/* End PBXNativeTarget section */

/* Begin PBXProject section */
		536D33591CAB57FD001CB0B8 /* Project object */ = {
			isa = PBXProject;
			attributes = {
				LastSwiftUpdateCheck = 0730;
				LastUpgradeCheck = 0730;
				ORGANIZATIONNAME = "Kevin Yen";
				TargetAttributes = {
					536D33601CAB57FD001CB0B8 = {
						CreatedOnToolsVersion = 7.3;
						DevelopmentTeam = 3763CTQZA9;
					};
					536D33741CAB57FD001CB0B8 = {
						CreatedOnToolsVersion = 7.3;
						TestTargetID = 536D33601CAB57FD001CB0B8;
					};
				};
			};
			buildConfigurationList = 536D335C1CAB57FD001CB0B8 /* Build configuration list for PBXProject "AudioVis" */;
			compatibilityVersion = "Xcode 3.2";
			developmentRegion = English;
			hasScannedForEncodings = 0;
			knownRegions = (
				en,
				Base,
			);
			mainGroup = 536D33581CAB57FD001CB0B8;
			productRefGroup = 536D33621CAB57FD001CB0B8 /* Products */;
			projectDirPath = "";
			projectRoot = "";
			targets = (
				536D33601CAB57FD001CB0B8 /* AudioVis */,
				536D33741CAB57FD001CB0B8 /* AudioVisTests */,
			);
		};
/* End PBXProject section */

/* Begin PBXResourcesBuildPhase section */
		536D335F1CAB57FD001CB0B8 /* Resources */ = {
			isa = PBXResourcesBuildPhase;
			buildActionMask = 2147483647;
			files = (
				536D336F1CAB57FD001CB0B8 /* LaunchScreen.storyboard in Resources */,
				536D336C1CAB57FD001CB0B8 /* Assets.xcassets in Resources */,
				536D336A1CAB57FD001CB0B8 /* Main.storyboard in Resources */,
			);
			runOnlyForDeploymentPostprocessing = 0;
		};
		536D33731CAB57FD001CB0B8 /* Resources */ = {
			isa = PBXResourcesBuildPhase;
			buildActionMask = 2147483647;
			files = (
			);
			runOnlyForDeploymentPostprocessing = 0;
		};
/* End PBXResourcesBuildPhase section */

/* Begin PBXSourcesBuildPhase section */
		536D335D1CAB57FD001CB0B8 /* Sources */ = {
			isa = PBXSourcesBuildPhase;
			buildActionMask = 2147483647;
			files = (
				536D33671CAB57FD001CB0B8 /* ViewController.swift in Sources */,
				536D33651CAB57FD001CB0B8 /* AppDelegate.swift in Sources */,
			);
			runOnlyForDeploymentPostprocessing = 0;
		};
		536D33711CAB57FD001CB0B8 /* Sources */ = {
			isa = PBXSourcesBuildPhase;
			buildActionMask = 2147483647;
			files = (
				536D337A1CAB57FD001CB0B8 /* AudioVisTests.swift in Sources */,
			);
			runOnlyForDeploymentPostprocessing = 0;
		};
/* End PBXSourcesBuildPhase section */

/* Begin PBXTargetDependency section */
		536D33771CAB57FD001CB0B8 /* PBXTargetDependency */ = {
			isa = PBXTargetDependency;
			target = 536D33601CAB57FD001CB0B8 /* AudioVis */;
			targetProxy = 536D33761CAB57FD001CB0B8 /* PBXContainerItemProxy */;
		};
/* End PBXTargetDependency section */

/* Begin PBXVariantGroup section */
		536D33681CAB57FD001CB0B8 /* Main.storyboard */ = {
			isa = PBXVariantGroup;
			children = (
				536D33691CAB57FD001CB0B8 /* Base */,
			);
			name = Main.storyboard;
			sourceTree = "<group>";
		};
		536D336D1CAB57FD001CB0B8 /* LaunchScreen.storyboard */ = {
			isa = PBXVariantGroup;
			children = (
				536D336E1CAB57FD001CB0B8 /* Base */,
			);
			name = LaunchScreen.storyboard;
			sourceTree = "<group>";
		};
/* End PBXVariantGroup section */

/* Begin XCBuildConfiguration section */
		536D337C1CAB57FD001CB0B8 /* Debug */ = {
			isa = XCBuildConfiguration;
			buildSettings = {
				ALWAYS_SEARCH_USER_PATHS = NO;
				CLANG_ANALYZER_NONNULL = YES;
				CLANG_CXX_LANGUAGE_STANDARD = "gnu++0x";
				CLANG_CXX_LIBRARY = "libc++";
				CLANG_ENABLE_MODULES = YES;
				CLANG_ENABLE_OBJC_ARC = YES;
				CLANG_WARN_BOOL_CONVERSION = YES;
				CLANG_WARN_CONSTANT_CONVERSION = YES;
				CLANG_WARN_DIRECT_OBJC_ISA_USAGE = YES_ERROR;
				CLANG_WARN_EMPTY_BODY = YES;
				CLANG_WARN_ENUM_CONVERSION = YES;
				CLANG_WARN_INT_CONVERSION = YES;
				CLANG_WARN_OBJC_ROOT_CLASS = YES_ERROR;
				CLANG_WARN_UNREACHABLE_CODE = YES;
				CLANG_WARN__DUPLICATE_METHOD_MATCH = YES;
				"CODE_SIGN_IDENTITY[sdk=iphoneos*]" = "iPhone Developer";
				COPY_PHASE_STRIP = NO;
				DEBUG_INFORMATION_FORMAT = dwarf;
				ENABLE_STRICT_OBJC_MSGSEND = YES;
				ENABLE_TESTABILITY = YES;
				GCC_C_LANGUAGE_STANDARD = gnu99;
				GCC_DYNAMIC_NO_PIC = NO;
				GCC_NO_COMMON_BLOCKS = YES;
				GCC_OPTIMIZATION_LEVEL = 0;
				GCC_PREPROCESSOR_DEFINITIONS = (
					"DEBUG=1",
					"$(inherited)",
				);
				GCC_WARN_64_TO_32_BIT_CONVERSION = YES;
				GCC_WARN_ABOUT_RETURN_TYPE = YES_ERROR;
				GCC_WARN_UNDECLARED_SELECTOR = YES;
				GCC_WARN_UNINITIALIZED_AUTOS = YES_AGGRESSIVE;
				GCC_WARN_UNUSED_FUNCTION = YES;
				GCC_WARN_UNUSED_VARIABLE = YES;
				IPHONEOS_DEPLOYMENT_TARGET = 9.3;
				MTL_ENABLE_DEBUG_INFO = YES;
				ONLY_ACTIVE_ARCH = YES;
				SDKROOT = iphoneos;
				SWIFT_OPTIMIZATION_LEVEL = "-Onone";
				TARGETED_DEVICE_FAMILY = "1,2";
			};
			name = Debug;
		};
		536D337D1CAB57FD001CB0B8 /* Release */ = {
			isa = XCBuildConfiguration;
			buildSettings = {
				ALWAYS_SEARCH_USER_PATHS = NO;
				CLANG_ANALYZER_NONNULL = YES;
				CLANG_CXX_LANGUAGE_STANDARD = "gnu++0x";
				CLANG_CXX_LIBRARY = "libc++";
				CLANG_ENABLE_MODULES = YES;
				CLANG_ENABLE_OBJC_ARC = YES;
				CLANG_WARN_BOOL_CONVERSION = YES;
				CLANG_WARN_CONSTANT_CONVERSION = YES;
				CLANG_WARN_DIRECT_OBJC_ISA_USAGE = YES_ERROR;
				CLANG_WARN_EMPTY_BODY = YES;
				CLANG_WARN_ENUM_CONVERSION = YES;
				CLANG_WARN_INT_CONVERSION = YES;
				CLANG_WARN_OBJC_ROOT_CLASS = YES_ERROR;
				CLANG_WARN_UNREACHABLE_CODE = YES;
				CLANG_WARN__DUPLICATE_METHOD_MATCH = YES;
				"CODE_SIGN_IDENTITY[sdk=iphoneos*]" = "iPhone Developer";
				COPY_PHASE_STRIP = NO;
				DEBUG_INFORMATION_FORMAT = "dwarf-with-dsym";
				ENABLE_NS_ASSERTIONS = NO;
				ENABLE_STRICT_OBJC_MSGSEND = YES;
				GCC_C_LANGUAGE_STANDARD = gnu99;
				GCC_NO_COMMON_BLOCKS = YES;
				GCC_WARN_64_TO_32_BIT_CONVERSION = YES;
				GCC_WARN_ABOUT_RETURN_TYPE = YES_ERROR;
				GCC_WARN_UNDECLARED_SELECTOR = YES;
				GCC_WARN_UNINITIALIZED_AUTOS = YES_AGGRESSIVE;
				GCC_WARN_UNUSED_FUNCTION = YES;
				GCC_WARN_UNUSED_VARIABLE = YES;
				IPHONEOS_DEPLOYMENT_TARGET = 9.3;
				MTL_ENABLE_DEBUG_INFO = NO;
				SDKROOT = iphoneos;
				TARGETED_DEVICE_FAMILY = "1,2";
				VALIDATE_PRODUCT = YES;
			};
			name = Release;
		};
		536D337F1CAB57FD001CB0B8 /* Debug */ = {
			isa = XCBuildConfiguration;
			buildSettings = {
				ASSETCATALOG_COMPILER_APPICON_NAME = AppIcon;
				CODE_SIGN_IDENTITY = "iPhone Developer";
				"CODE_SIGN_IDENTITY[sdk=iphoneos*]" = "iPhone Developer";
				INFOPLIST_FILE = AudioVis/Info.plist;
				LD_RUNPATH_SEARCH_PATHS = "$(inherited) @executable_path/Frameworks";
				PRODUCT_BUNDLE_IDENTIFIER = net.kevinyen.AudioVis;
				PRODUCT_NAME = "$(TARGET_NAME)";
				PROVISIONING_PROFILE = "";
			};
			name = Debug;
		};
		536D33801CAB57FD001CB0B8 /* Release */ = {
			isa = XCBuildConfiguration;
			buildSettings = {
				ASSETCATALOG_COMPILER_APPICON_NAME = AppIcon;
				CODE_SIGN_IDENTITY = "iPhone Developer";
				"CODE_SIGN_IDENTITY[sdk=iphoneos*]" = "iPhone Developer";
				INFOPLIST_FILE = AudioVis/Info.plist;
				LD_RUNPATH_SEARCH_PATHS = "$(inherited) @executable_path/Frameworks";
				PRODUCT_BUNDLE_IDENTIFIER = net.kevinyen.AudioVis;
				PRODUCT_NAME = "$(TARGET_NAME)";
				PROVISIONING_PROFILE = "";
			};
			name = Release;
		};
		536D33821CAB57FD001CB0B8 /* Debug */ = {
			isa = XCBuildConfiguration;
			buildSettings = {
				BUNDLE_LOADER = "$(TEST_HOST)";
				INFOPLIST_FILE = AudioVisTests/Info.plist;
				LD_RUNPATH_SEARCH_PATHS = "$(inherited) @executable_path/Frameworks @loader_path/Frameworks";
				PRODUCT_BUNDLE_IDENTIFIER = net.kevinyen.AudioVisTests;
				PRODUCT_NAME = "$(TARGET_NAME)";
				TEST_HOST = "$(BUILT_PRODUCTS_DIR)/AudioVis.app/AudioVis";
			};
			name = Debug;
		};
		536D33831CAB57FD001CB0B8 /* Release */ = {
			isa = XCBuildConfiguration;
			buildSettings = {
				BUNDLE_LOADER = "$(TEST_HOST)";
				INFOPLIST_FILE = AudioVisTests/Info.plist;
				LD_RUNPATH_SEARCH_PATHS = "$(inherited) @executable_path/Frameworks @loader_path/Frameworks";
				PRODUCT_BUNDLE_IDENTIFIER = net.kevinyen.AudioVisTests;
				PRODUCT_NAME = "$(TARGET_NAME)";
				TEST_HOST = "$(BUILT_PRODUCTS_DIR)/AudioVis.app/AudioVis";
			};
			name = Release;
		};
/* End XCBuildConfiguration section */

/* Begin XCConfigurationList section */
		536D335C1CAB57FD001CB0B8 /* Build configuration list for PBXProject "AudioVis" */ = {
			isa = XCConfigurationList;
			buildConfigurations = (
				536D337C1CAB57FD001CB0B8 /* Debug */,
				536D337D1CAB57FD001CB0B8 /* Release */,
			);
			defaultConfigurationIsVisible = 0;
			defaultConfigurationName = Release;
		};
		536D337E1CAB57FD001CB0B8 /* Build configuration list for PBXNativeTarget "AudioVis" */ = {
			isa = XCConfigurationList;
			buildConfigurations = (
				536D337F1CAB57FD001CB0B8 /* Debug */,
				536D33801CAB57FD001CB0B8 /* Release */,
			);
			defaultConfigurationIsVisible = 0;
			defaultConfigurationName = Release;
		};
		536D33811CAB57FD001CB0B8 /* Build configuration list for PBXNativeTarget "AudioVisTests" */ = {
			isa = XCConfigurationList;
			buildConfigurations = (
				536D33821CAB57FD001CB0B8 /* Debug */,
				536D33831CAB57FD001CB0B8 /* Release */,
			);
			defaultConfigurationIsVisible = 0;
			defaultConfigurationName = Release;
		};
/* End XCConfigurationList section */
	};
	rootObject = 536D33591CAB57FD001CB0B8 /* Project object */;
}
